<?xml version="1.0" encoding="utf-8"?>
<Project ToolsVersion="4.0" xmlns="http://schemas.microsoft.com/developer/msbuild/2003">
  <ItemGroup>
    <Filter Include="Source Files">
      <UniqueIdentifier>{4FC737F1-C7A5-4376-A066-2A32D752A2FF}</UniqueIdentifier>
      <Extensions>cpp;c;cc;cxx;c++;cppm;ixx;def;odl;idl;hpj;bat;asm;asmx</Extensions>
    </Filter>
    <Filter Include="Header Files">
      <UniqueIdentifier>{93995380-89BD-4b04-88EB-625FBE52EBFB}</UniqueIdentifier>
      <Extensions>h;hh;hpp;hxx;h++;hm;inl;inc;ipp;xsd</Extensions>
    </Filter>
    <Filter Include="Resource Files">
      <UniqueIdentifier>{67DA6AB6-F800-4c08-8B7A-83BB121AAD01}</UniqueIdentifier>
      <Extensions>rc;ico;cur;bmp;dlg;rc2;rct;bin;rgs;gif;jpg;jpeg;jpe;resx;tiff;tif;png;wav;mfcribbon-ms</Extensions>
    </Filter>
    <Filter Include="Header Files\modules">
      <UniqueIdentifier>{b437a023-5877-48c1-baf4-d86c4e24bdce}</UniqueIdentifier>
    </Filter>
    <Filter Include="Header Files\Service">
      <UniqueIdentifier>{838449c1-e8a4-4eff-bff8-c055c2887268}</UniqueIdentifier>
    </Filter>
    <Filter Include="Header Files\Interface">
      <UniqueIdentifier>{b31460a0-28fd-40ed-97cf-242b61dc007f}</UniqueIdentifier>
    </Filter>
    <Filter Include="Source Files\modules">
      <UniqueIdentifier>{27d4ad4f-6368-442b-aed7-95f2690e3e81}</UniqueIdentifier>
    </Filter>
    <Filter Include="Source Files\Services">
      <UniqueIdentifier>{786a946f-a61b-4b13-acf9-268cc3a94944}</UniqueIdentifier>
    </Filter>
  </ItemGroup>
  <ItemGroup>
    <ClCompile Include="ATTEMPT.cpp">
      <Filter>Source Files\modules</Filter>
    </ClCompile>
    <ClCompile Include="ATTEMPTANSWER.cpp">
      <Filter>Source Files\modules</Filter>
    </ClCompile>
    <ClCompile Include="ATTEMPTSERVICE.cpp">
      <Filter>Source Files\Services</Filter>
    </ClCompile>
    <ClCompile Include="RESULTSERVICE.cpp">
      <Filter>Source Files\Services</Filter>
    </ClCompile>
    <ClCompile Include="RESULT.cpp">
      <Filter>Source Files\modules</Filter>
    </ClCompile>
    <ClCompile Include="testattemptservice.cpp">
      <Filter>Source Files</Filter>
    </ClCompile>
  </ItemGroup>
  <ItemGroup>
    <ClInclude Include="ATTEMPT.h">
      <Filter>Header Files\modules</Filter>
    </ClInclude>
    <ClInclude Include="RESULT.h">
      <Filter>Header Files\modules</Filter>
    </ClInclude>
    <ClInclude Include="RESULTSERVICE.h">
      <Filter>Header Files\Service</Filter>
    </ClInclude>
    <ClInclude Include="IGRADINGSERVICE.h">
      <Filter>Header Files\Interface</Filter>
    </ClInclude>
    <ClInclude Include="ATTEMPTANSWER.h">
      <Filter>Header Files\modules</Filter>
    </ClInclude>
    <ClInclude Include="ATTEMPTSERVICE.h">
      <Filter>Header Files\Service</Filter>
    </ClInclude>
  </ItemGroup>
</Project>